dependencies:
- name: common
  repository: https://charts.bitnami.com/bitnami
  version: 1.10.3
- name: base
  repository: file:///home/dennybaa/code/dysnix/dysnix/charts/dysnix/base
  version: 0.2.15
- name: redis
  repository: https://charts.bitnami.com/bitnami
  version: 15.6.7
digest: sha256:6f763dac8d515dcac69b3fb975cbd0a577ba0b904a6a196d489008427bd032da
generated: "2021-12-20T18:25:56.334440466+03:00"
