dependencies:
- name: common
  repository: https://charts.bitnami.com/bitnami
  version: 1.10.4
- name: mongodb
  repository: https://raw.githubusercontent.com/bitnami/charts/archive-full-index/bitnami
  version: 10.30.12
digest: sha256:61fff10ddd99f0550a72e3f9bed9340c4efa9be5b5741592e347ccda9a14c6ed
generated: "2024-04-08T13:44:39.772035+03:00"
